
Microsoft Visual Studio Solution File, Format Version 12.00
# Visual Studio 15
VisualStudioVersion = 15.0.27703.2047
MinimumVisualStudioVersion = 10.0.40219.1
Project("{FAE04EC0-301F-11D3-BF4B-00C04F79EFBC}") = "InterviewQuestionVictimSelector", "InterviewQuestionVictimSelector\InterviewQuestionVictimSelector.csproj", "{B6963960-8A40-4EFD-9D48-DB723BB644C3}"
EndProject
Project("{FAE04EC0-301F-11D3-BF4B-00C04F79EFBC}") = "InterviewQuestionSelectorWebUI", "InterviewQuestionSelector\InterviewQuestionSelectorWebUI.csproj", "{E1926C3E-227A-4BC5-B69A-AC5AE3D24EA7}"
EndProject
Project("{FAE04EC0-301F-11D3-BF4B-00C04F79EFBC}") = "InterviewQuestionSelectorUnitTests", "InterviewQuestionSelectorUnitTests\InterviewQuestionSelectorUnitTests.csproj", "{29B50BA9-3190-4F20-B12E-C615AF3A1B3C}"
EndProject
Project("{FAE04EC0-301F-11D3-BF4B-00C04F79EFBC}") = "InterviewQuestionSelectorDomain", "InterviewQuestionSelectorDomain\InterviewQuestionSelectorDomain.csproj", "{1BE5A8FC-F576-4277-B666-A0E958F56CBA}"
EndProject
Global
	GlobalSection(SolutionConfigurationPlatforms) = preSolution
		Debug|Any CPU = Debug|Any CPU
		Release|Any CPU = Release|Any CPU
	EndGlobalSection
	GlobalSection(ProjectConfigurationPlatforms) = postSolution
		{B6963960-8A40-4EFD-9D48-DB723BB644C3}.Debug|Any CPU.ActiveCfg = Debug|Any CPU
		{B6963960-8A40-4EFD-9D48-DB723BB644C3}.Debug|Any CPU.Build.0 = Debug|Any CPU
		{B6963960-8A40-4EFD-9D48-DB723BB644C3}.Release|Any CPU.ActiveCfg = Release|Any CPU
		{B6963960-8A40-4EFD-9D48-DB723BB644C3}.Release|Any CPU.Build.0 = Release|Any CPU
		{E1926C3E-227A-4BC5-B69A-AC5AE3D24EA7}.Debug|Any CPU.ActiveCfg = Debug|Any CPU
		{E1926C3E-227A-4BC5-B69A-AC5AE3D24EA7}.Debug|Any CPU.Build.0 = Debug|Any CPU
		{E1926C3E-227A-4BC5-B69A-AC5AE3D24EA7}.Release|Any CPU.ActiveCfg = Release|Any CPU
		{E1926C3E-227A-4BC5-B69A-AC5AE3D24EA7}.Release|Any CPU.Build.0 = Release|Any CPU
		{29B50BA9-3190-4F20-B12E-C615AF3A1B3C}.Debug|Any CPU.ActiveCfg = Debug|Any CPU
		{29B50BA9-3190-4F20-B12E-C615AF3A1B3C}.Debug|Any CPU.Build.0 = Debug|Any CPU
		{29B50BA9-3190-4F20-B12E-C615AF3A1B3C}.Release|Any CPU.ActiveCfg = Release|Any CPU
		{29B50BA9-3190-4F20-B12E-C615AF3A1B3C}.Release|Any CPU.Build.0 = Release|Any CPU
		{1BE5A8FC-F576-4277-B666-A0E958F56CBA}.Debug|Any CPU.ActiveCfg = Debug|Any CPU
		{1BE5A8FC-F576-4277-B666-A0E958F56CBA}.Debug|Any CPU.Build.0 = Debug|Any CPU
		{1BE5A8FC-F576-4277-B666-A0E958F56CBA}.Release|Any CPU.ActiveCfg = Release|Any CPU
		{1BE5A8FC-F576-4277-B666-A0E958F56CBA}.Release|Any CPU.Build.0 = Release|Any CPU
	EndGlobalSection
	GlobalSection(SolutionProperties) = preSolution
		HideSolutionNode = FALSE
	EndGlobalSection
	GlobalSection(ExtensibilityGlobals) = postSolution
		SolutionGuid = {2997DB51-201A-4843-BCD4-6DEFF2623C01}
	EndGlobalSection
EndGlobal
